
Microsoft Visual Studio Solution File, Format Version 12.00
# Visual Studio Version 17
VisualStudioVersion = 17.4.33213.308
MinimumVisualStudioVersion = 10.0.40219.1
Project("{8BC9CEB8-8B4A-11D0-8D11-00A0C91BC942}") = "test.2023.1.11.1.c", "test.2023.1.11.1.c\test.2023.1.11.1.c.vcxproj", "{7269F7D8-0CD2-48DB-8A49-EA40AEA48427}"
EndProject
Global
	GlobalSection(SolutionConfigurationPlatforms) = preSolution
		Debug|x64 = Debug|x64
		Debug|x86 = Debug|x86
		Release|x64 = Release|x64
		Release|x86 = Release|x86
	EndGlobalSection
	GlobalSection(ProjectConfigurationPlatforms) = postSolution
		{7269F7D8-0CD2-48DB-8A49-EA40AEA48427}.Debug|x64.ActiveCfg = Debug|x64
		{7269F7D8-0CD2-48DB-8A49-EA40AEA48427}.Debug|x64.Build.0 = Debug|x64
		{7269F7D8-0CD2-48DB-8A49-EA40AEA48427}.Debug|x86.ActiveCfg = Debug|Win32
		{7269F7D8-0CD2-48DB-8A49-EA40AEA48427}.Debug|x86.Build.0 = Debug|Win32
		{7269F7D8-0CD2-48DB-8A49-EA40AEA48427}.Release|x64.ActiveCfg = Release|x64
		{7269F7D8-0CD2-48DB-8A49-EA40AEA48427}.Release|x64.Build.0 = Release|x64
		{7269F7D8-0CD2-48DB-8A49-EA40AEA48427}.Release|x86.ActiveCfg = Release|Win32
		{7269F7D8-0CD2-48DB-8A49-EA40AEA48427}.Release|x86.Build.0 = Release|Win32
	EndGlobalSection
	GlobalSection(SolutionProperties) = preSolution
		HideSolutionNode = FALSE
	EndGlobalSection
	GlobalSection(ExtensibilityGlobals) = postSolution
		SolutionGuid = {49B7F626-9F8B-4B98-9140-3A6A7467CFE6}
	EndGlobalSection
EndGlobal
