
Microsoft Visual Studio Solution File, Format Version 12.00
# Visual Studio Version 17
VisualStudioVersion = 17.3.32804.467
MinimumVisualStudioVersion = 10.0.40219.1
Project("{8BC9CEB8-8B4A-11D0-8D11-00A0C91BC942}") = "test.2022.8.12", "test.2022.8.12\test.2022.8.12.vcxproj", "{FFE904A1-7F15-4234-9FF1-AB76010A6030}"
EndProject
Global
	GlobalSection(SolutionConfigurationPlatforms) = preSolution
		Debug|x64 = Debug|x64
		Debug|x86 = Debug|x86
		Release|x64 = Release|x64
		Release|x86 = Release|x86
	EndGlobalSection
	GlobalSection(ProjectConfigurationPlatforms) = postSolution
		{FFE904A1-7F15-4234-9FF1-AB76010A6030}.Debug|x64.ActiveCfg = Debug|x64
		{FFE904A1-7F15-4234-9FF1-AB76010A6030}.Debug|x64.Build.0 = Debug|x64
		{FFE904A1-7F15-4234-9FF1-AB76010A6030}.Debug|x86.ActiveCfg = Debug|Win32
		{FFE904A1-7F15-4234-9FF1-AB76010A6030}.Debug|x86.Build.0 = Debug|Win32
		{FFE904A1-7F15-4234-9FF1-AB76010A6030}.Release|x64.ActiveCfg = Release|x64
		{FFE904A1-7F15-4234-9FF1-AB76010A6030}.Release|x64.Build.0 = Release|x64
		{FFE904A1-7F15-4234-9FF1-AB76010A6030}.Release|x86.ActiveCfg = Release|Win32
		{FFE904A1-7F15-4234-9FF1-AB76010A6030}.Release|x86.Build.0 = Release|Win32
	EndGlobalSection
	GlobalSection(SolutionProperties) = preSolution
		HideSolutionNode = FALSE
	EndGlobalSection
	GlobalSection(ExtensibilityGlobals) = postSolution
		SolutionGuid = {DFB0307A-8A03-4C54-895E-ED21E591F78C}
	EndGlobalSection
EndGlobal
