
Microsoft Visual Studio Solution File, Format Version 12.00
# Visual Studio Version 17
VisualStudioVersion = 17.3.32804.467
MinimumVisualStudioVersion = 10.0.40219.1
Project("{8BC9CEB8-8B4A-11D0-8D11-00A0C91BC942}") = "test.8.15", "test.8.15\test.8.15.vcxproj", "{41C308AC-4FAC-455E-85D8-1ED078ACA87C}"
EndProject
Global
	GlobalSection(SolutionConfigurationPlatforms) = preSolution
		Debug|x64 = Debug|x64
		Debug|x86 = Debug|x86
		Release|x64 = Release|x64
		Release|x86 = Release|x86
	EndGlobalSection
	GlobalSection(ProjectConfigurationPlatforms) = postSolution
		{41C308AC-4FAC-455E-85D8-1ED078ACA87C}.Debug|x64.ActiveCfg = Debug|x64
		{41C308AC-4FAC-455E-85D8-1ED078ACA87C}.Debug|x64.Build.0 = Debug|x64
		{41C308AC-4FAC-455E-85D8-1ED078ACA87C}.Debug|x86.ActiveCfg = Debug|Win32
		{41C308AC-4FAC-455E-85D8-1ED078ACA87C}.Debug|x86.Build.0 = Debug|Win32
		{41C308AC-4FAC-455E-85D8-1ED078ACA87C}.Release|x64.ActiveCfg = Release|x64
		{41C308AC-4FAC-455E-85D8-1ED078ACA87C}.Release|x64.Build.0 = Release|x64
		{41C308AC-4FAC-455E-85D8-1ED078ACA87C}.Release|x86.ActiveCfg = Release|Win32
		{41C308AC-4FAC-455E-85D8-1ED078ACA87C}.Release|x86.Build.0 = Release|Win32
	EndGlobalSection
	GlobalSection(SolutionProperties) = preSolution
		HideSolutionNode = FALSE
	EndGlobalSection
	GlobalSection(ExtensibilityGlobals) = postSolution
		SolutionGuid = {B522D4D7-BB58-4E9F-AE8A-DC3B42390175}
	EndGlobalSection
EndGlobal
