
Microsoft Visual Studio Solution File, Format Version 12.00
# Visual Studio Version 17
VisualStudioVersion = 17.3.32825.248
MinimumVisualStudioVersion = 10.0.40219.1
Project("{8BC9CEB8-8B4A-11D0-8D11-00A0C91BC942}") = "test.2022.10.12.1", "test.2022.10.12.1\test.2022.10.12.1.vcxproj", "{1A4F95D1-3168-4804-98A7-6919FC3ED2BA}"
EndProject
Global
	GlobalSection(SolutionConfigurationPlatforms) = preSolution
		Debug|x64 = Debug|x64
		Debug|x86 = Debug|x86
		Release|x64 = Release|x64
		Release|x86 = Release|x86
	EndGlobalSection
	GlobalSection(ProjectConfigurationPlatforms) = postSolution
		{1A4F95D1-3168-4804-98A7-6919FC3ED2BA}.Debug|x64.ActiveCfg = Debug|x64
		{1A4F95D1-3168-4804-98A7-6919FC3ED2BA}.Debug|x64.Build.0 = Debug|x64
		{1A4F95D1-3168-4804-98A7-6919FC3ED2BA}.Debug|x86.ActiveCfg = Debug|Win32
		{1A4F95D1-3168-4804-98A7-6919FC3ED2BA}.Debug|x86.Build.0 = Debug|Win32
		{1A4F95D1-3168-4804-98A7-6919FC3ED2BA}.Release|x64.ActiveCfg = Release|x64
		{1A4F95D1-3168-4804-98A7-6919FC3ED2BA}.Release|x64.Build.0 = Release|x64
		{1A4F95D1-3168-4804-98A7-6919FC3ED2BA}.Release|x86.ActiveCfg = Release|Win32
		{1A4F95D1-3168-4804-98A7-6919FC3ED2BA}.Release|x86.Build.0 = Release|Win32
	EndGlobalSection
	GlobalSection(SolutionProperties) = preSolution
		HideSolutionNode = FALSE
	EndGlobalSection
	GlobalSection(ExtensibilityGlobals) = postSolution
		SolutionGuid = {FBC341D4-9CDB-4B22-80A3-DCD77197C8B6}
	EndGlobalSection
EndGlobal
